
Microsoft Visual Studio Solution File, Format Version 12.00
# Visual Studio 14
VisualStudioVersion = 14.0.25420.1
MinimumVisualStudioVersion = 10.0.40219.1
Project("{2150E333-8FDC-42A3-9474-1A3956D46DE8}") = "Presentaion", "Presentaion", "{F82008C8-E010-41FC-85CD-48236C7518D8}"
EndProject
Project("{2150E333-8FDC-42A3-9474-1A3956D46DE8}") = "Business", "Business", "{C674365B-55A1-4F7D-A859-CEB189047921}"
EndProject
Project("{FAE04EC0-301F-11D3-BF4B-00C04F79EFBC}") = "NV.TSP.Presentation", "NV.TSP.Presentation\NV.TSP.Presentation.csproj", "{9AF17C28-54DC-4233-BEB1-151D601CA6E1}"
EndProject
Project("{FAE04EC0-301F-11D3-BF4B-00C04F79EFBC}") = "NV.TSP.Entities", "NV.TSP.Entities\NV.TSP.Entities.csproj", "{FD293232-C293-4499-B678-C4C560FEF17A}"
EndProject
Project("{2150E333-8FDC-42A3-9474-1A3956D46DE8}") = "Data", "Data", "{BA981CE0-87A0-47F1-801A-FA118D8DEB72}"
EndProject
Project("{FAE04EC0-301F-11D3-BF4B-00C04F79EFBC}") = "NV.TSP.DataAccess", "NV.TSP.DataAccess\NV.TSP.DataAccess.csproj", "{8D2F91B7-3EAC-48DF-9B98-C96D49A9AE39}"
EndProject
Project("{FAE04EC0-301F-11D3-BF4B-00C04F79EFBC}") = "NV.TSP.Business", "NV.TSP.Business\NV.TSP.Business.csproj", "{7094439D-EE69-4E3F-8BCD-FF64CB9B5827}"
EndProject
Project("{FAE04EC0-301F-11D3-BF4B-00C04F79EFBC}") = "FileParser", "..\NV.FileParser\FileParser\FileParser.csproj", "{ECE2E8C9-906F-4F00-AD43-110AC1CB841F}"
EndProject
Global
	GlobalSection(SolutionConfigurationPlatforms) = preSolution
		Debug|Any CPU = Debug|Any CPU
		Release|Any CPU = Release|Any CPU
	EndGlobalSection
	GlobalSection(ProjectConfigurationPlatforms) = postSolution
		{9AF17C28-54DC-4233-BEB1-151D601CA6E1}.Debug|Any CPU.ActiveCfg = Debug|Any CPU
		{9AF17C28-54DC-4233-BEB1-151D601CA6E1}.Debug|Any CPU.Build.0 = Debug|Any CPU
		{9AF17C28-54DC-4233-BEB1-151D601CA6E1}.Release|Any CPU.ActiveCfg = Release|Any CPU
		{9AF17C28-54DC-4233-BEB1-151D601CA6E1}.Release|Any CPU.Build.0 = Release|Any CPU
		{FD293232-C293-4499-B678-C4C560FEF17A}.Debug|Any CPU.ActiveCfg = Debug|Any CPU
		{FD293232-C293-4499-B678-C4C560FEF17A}.Debug|Any CPU.Build.0 = Debug|Any CPU
		{FD293232-C293-4499-B678-C4C560FEF17A}.Release|Any CPU.ActiveCfg = Release|Any CPU
		{FD293232-C293-4499-B678-C4C560FEF17A}.Release|Any CPU.Build.0 = Release|Any CPU
		{8D2F91B7-3EAC-48DF-9B98-C96D49A9AE39}.Debug|Any CPU.ActiveCfg = Debug|Any CPU
		{8D2F91B7-3EAC-48DF-9B98-C96D49A9AE39}.Debug|Any CPU.Build.0 = Debug|Any CPU
		{8D2F91B7-3EAC-48DF-9B98-C96D49A9AE39}.Release|Any CPU.ActiveCfg = Release|Any CPU
		{8D2F91B7-3EAC-48DF-9B98-C96D49A9AE39}.Release|Any CPU.Build.0 = Release|Any CPU
		{7094439D-EE69-4E3F-8BCD-FF64CB9B5827}.Debug|Any CPU.ActiveCfg = Debug|Any CPU
		{7094439D-EE69-4E3F-8BCD-FF64CB9B5827}.Debug|Any CPU.Build.0 = Debug|Any CPU
		{7094439D-EE69-4E3F-8BCD-FF64CB9B5827}.Release|Any CPU.ActiveCfg = Release|Any CPU
		{7094439D-EE69-4E3F-8BCD-FF64CB9B5827}.Release|Any CPU.Build.0 = Release|Any CPU
		{ECE2E8C9-906F-4F00-AD43-110AC1CB841F}.Debug|Any CPU.ActiveCfg = Debug|Any CPU
		{ECE2E8C9-906F-4F00-AD43-110AC1CB841F}.Debug|Any CPU.Build.0 = Debug|Any CPU
		{ECE2E8C9-906F-4F00-AD43-110AC1CB841F}.Release|Any CPU.ActiveCfg = Release|Any CPU
		{ECE2E8C9-906F-4F00-AD43-110AC1CB841F}.Release|Any CPU.Build.0 = Release|Any CPU
	EndGlobalSection
	GlobalSection(SolutionProperties) = preSolution
		HideSolutionNode = FALSE
	EndGlobalSection
	GlobalSection(NestedProjects) = preSolution
		{9AF17C28-54DC-4233-BEB1-151D601CA6E1} = {F82008C8-E010-41FC-85CD-48236C7518D8}
		{FD293232-C293-4499-B678-C4C560FEF17A} = {C674365B-55A1-4F7D-A859-CEB189047921}
		{8D2F91B7-3EAC-48DF-9B98-C96D49A9AE39} = {BA981CE0-87A0-47F1-801A-FA118D8DEB72}
		{7094439D-EE69-4E3F-8BCD-FF64CB9B5827} = {C674365B-55A1-4F7D-A859-CEB189047921}
		{ECE2E8C9-906F-4F00-AD43-110AC1CB841F} = {BA981CE0-87A0-47F1-801A-FA118D8DEB72}
	EndGlobalSection
EndGlobal
